
Microsoft Visual Studio Solution File, Format Version 12.00
# Visual Studio 15
VisualStudioVersion = 15.0.28307.421
MinimumVisualStudioVersion = 10.0.40219.1
Project("{FAE04EC0-301F-11D3-BF4B-00C04F79EFBC}") = "MyAddressBookAPI", "MyAddressBookAPI\MyAddressBookAPI.csproj", "{3FCE2B07-26AB-4A85-82D7-EB6922981B53}"
EndProject
Project("{FAE04EC0-301F-11D3-BF4B-00C04F79EFBC}") = "MyAddressBookAPI.Tests", "MyAddressBookAPI.Tests\MyAddressBookAPI.Tests.csproj", "{2E1638D0-8A64-4D39-BBC5-2A8A4207E78C}"
EndProject
Global
	GlobalSection(SolutionConfigurationPlatforms) = preSolution
		Debug|Any CPU = Debug|Any CPU
		Release|Any CPU = Release|Any CPU
	EndGlobalSection
	GlobalSection(ProjectConfigurationPlatforms) = postSolution
		{3FCE2B07-26AB-4A85-82D7-EB6922981B53}.Debug|Any CPU.ActiveCfg = Debug|Any CPU
		{3FCE2B07-26AB-4A85-82D7-EB6922981B53}.Debug|Any CPU.Build.0 = Debug|Any CPU
		{3FCE2B07-26AB-4A85-82D7-EB6922981B53}.Release|Any CPU.ActiveCfg = Release|Any CPU
		{3FCE2B07-26AB-4A85-82D7-EB6922981B53}.Release|Any CPU.Build.0 = Release|Any CPU
		{2E1638D0-8A64-4D39-BBC5-2A8A4207E78C}.Debug|Any CPU.ActiveCfg = Debug|Any CPU
		{2E1638D0-8A64-4D39-BBC5-2A8A4207E78C}.Debug|Any CPU.Build.0 = Debug|Any CPU
		{2E1638D0-8A64-4D39-BBC5-2A8A4207E78C}.Release|Any CPU.ActiveCfg = Release|Any CPU
		{2E1638D0-8A64-4D39-BBC5-2A8A4207E78C}.Release|Any CPU.Build.0 = Release|Any CPU
	EndGlobalSection
	GlobalSection(SolutionProperties) = preSolution
		HideSolutionNode = FALSE
	EndGlobalSection
	GlobalSection(ExtensibilityGlobals) = postSolution
		SolutionGuid = {D2015658-2670-4862-A943-A71B061E2C06}
	EndGlobalSection
EndGlobal
